
Microsoft Visual Studio Solution File, Format Version 12.00
# Visual Studio Version 16
VisualStudioVersion = 16.0.29519.181
MinimumVisualStudioVersion = 10.0.40219.1
Project("{FAE04EC0-301F-11D3-BF4B-00C04F79EFBC}") = "Starcalc", "Starcalc\Starcalc.csproj", "{CB9A1333-234E-4256-B352-8DD50EA938FD}"
EndProject
Global
	GlobalSection(SolutionConfigurationPlatforms) = preSolution
		Debug|Any CPU = Debug|Any CPU
		Debug|x64 = Debug|x64
		Release|Any CPU = Release|Any CPU
		Release|x64 = Release|x64
	EndGlobalSection
	GlobalSection(ProjectConfigurationPlatforms) = postSolution
		{CB9A1333-234E-4256-B352-8DD50EA938FD}.Debug|Any CPU.ActiveCfg = Debug|Any CPU
		{CB9A1333-234E-4256-B352-8DD50EA938FD}.Debug|Any CPU.Build.0 = Debug|Any CPU
		{CB9A1333-234E-4256-B352-8DD50EA938FD}.Debug|x64.ActiveCfg = Debug|x64
		{CB9A1333-234E-4256-B352-8DD50EA938FD}.Debug|x64.Build.0 = Debug|x64
		{CB9A1333-234E-4256-B352-8DD50EA938FD}.Release|Any CPU.ActiveCfg = Release|Any CPU
		{CB9A1333-234E-4256-B352-8DD50EA938FD}.Release|Any CPU.Build.0 = Release|Any CPU
		{CB9A1333-234E-4256-B352-8DD50EA938FD}.Release|x64.ActiveCfg = Release|x64
		{CB9A1333-234E-4256-B352-8DD50EA938FD}.Release|x64.Build.0 = Release|x64
	EndGlobalSection
	GlobalSection(SolutionProperties) = preSolution
		HideSolutionNode = FALSE
	EndGlobalSection
	GlobalSection(ExtensibilityGlobals) = postSolution
		SolutionGuid = {5A0767A6-D6E8-4A21-A3FE-E2E511E8786E}
	EndGlobalSection
EndGlobal
